<?xml version="1.0" encoding="utf-8"?>
<Project ToolsVersion="4.0" xmlns="http://schemas.microsoft.com/developer/msbuild/2003">
  <ItemGroup>
    <Filter Include="include">
      <UniqueIdentifier>{ec539374-4946-4ce8-8448-6f73b0e6b552}</UniqueIdentifier>
    </Filter>
    <Filter Include="src">
      <UniqueIdentifier>{00743e7d-0d2b-4284-b393-f916ec5535a9}</UniqueIdentifier>
    </Filter>
    <Filter Include="include\script">
      <UniqueIdentifier>{181db260-6745-46eb-86ae-25fb9da9f1ad}</UniqueIdentifier>
    </Filter>
    <Filter Include="src\script">
      <UniqueIdentifier>{9c427f1d-c16f-4bf5-8c66-2e10d710880d}</UniqueIdentifier>
    </Filter>
    <Filter Include="include\script\objects">
      <UniqueIdentifier>{f2644642-3b5d-4c67-b5cf-9e54f069023f}</UniqueIdentifier>
    </Filter>
    <Filter Include="src\script\objects">
      <UniqueIdentifier>{2b5ae768-781a-4582-95a8-7e87f6597b64}</UniqueIdentifier>
    </Filter>
    <Filter Include="include\script\tokens">
      <UniqueIdentifier>{00526d03-6b4f-4ce0-92de-5e7fbdfc2aa0}</UniqueIdentifier>
    </Filter>
    <Filter Include="src\script\tokens">
      <UniqueIdentifier>{b483445a-58c4-44f0-9d16-4bbca4b6c384}</UniqueIdentifier>
    </Filter>
    <Filter Include="include\script\statics">
      <UniqueIdentifier>{b77eeb7c-3479-412a-b52a-30715b530121}</UniqueIdentifier>
    </Filter>
    <Filter Include="src\script\statics">
      <UniqueIdentifier>{ecd9b3a7-4988-45b4-a41f-6ae73e50e2a3}</UniqueIdentifier>
    </Filter>
  </ItemGroup>
  <ItemGroup>
    <ClCompile Include="..\src\script\ScriptEngine.cpp">
      <Filter>src\script</Filter>
    </ClCompile>
    <ClCompile Include="..\src\script\objects\ScriptObject.cpp">
      <Filter>src\script\objects</Filter>
    </ClCompile>
    <ClCompile Include="..\src\script\objects\StringObject.cpp">
      <Filter>src\script\objects</Filter>
    </ClCompile>
    <ClCompile Include="..\src\script\objects\NullObject.cpp">
      <Filter>src\script\objects</Filter>
    </ClCompile>
    <ClCompile Include="..\src\script\objects\IntObject.cpp">
      <Filter>src\script\objects</Filter>
    </ClCompile>
    <ClCompile Include="..\src\script\objects\BoolObject.cpp">
      <Filter>src\script\objects</Filter>
    </ClCompile>
    <ClCompile Include="..\src\script\Exception.cpp">
      <Filter>src\script</Filter>
    </ClCompile>
    <ClCompile Include="..\src\script\objects\FloatObject.cpp">
      <Filter>src\script\objects</Filter>
    </ClCompile>
    <ClCompile Include="..\src\script\objects\ArrayObject.cpp">
      <Filter>src\script\objects</Filter>
    </ClCompile>
    <ClCompile Include="..\src\script\Tokenizer.cpp">
      <Filter>src\script</Filter>
    </ClCompile>
    <ClCompile Include="..\src\script\statics\ConsoleStaticObject.cpp">
      <Filter>src\script\statics</Filter>
    </ClCompile>
    <ClCompile Include="..\src\script\statics\SystemStaticObject.cpp">
      <Filter>src\script\statics</Filter>
    </ClCompile>
    <ClCompile Include="..\src\script\tokens\L1Token.cpp">
      <Filter>src\script\tokens</Filter>
    </ClCompile>
    <ClCompile Include="..\src\script\tokens\L1FloatRule1.cpp">
      <Filter>src\script\tokens</Filter>
    </ClCompile>
    <ClCompile Include="..\src\script\tokens\L1FloatRule2.cpp">
      <Filter>src\script\tokens</Filter>
    </ClCompile>
    <ClCompile Include="..\src\script\tokens\L1FunctionRule.cpp">
      <Filter>src\script\tokens</Filter>
    </ClCompile>
    <ClCompile Include="..\src\script\tokens\L1IdentifierAssignRule.cpp">
      <Filter>src\script\tokens</Filter>
    </ClCompile>
    <ClCompile Include="..\src\script\tokens\L1NumberRule.cpp">
      <Filter>src\script\tokens</Filter>
    </ClCompile>
    <ClCompile Include="..\src\script\tokens\L1OperatorAssignRule.cpp">
      <Filter>src\script\tokens</Filter>
    </ClCompile>
    <ClCompile Include="..\src\script\tokens\L2FunctionToken.cpp">
      <Filter>src\script\tokens</Filter>
    </ClCompile>
    <ClCompile Include="..\src\script\tokens\L2IdentifierAssignToken.cpp">
      <Filter>src\script\tokens</Filter>
    </ClCompile>
    <ClCompile Include="..\src\script\tokens\L2IdentifierToken.cpp">
      <Filter>src\script\tokens</Filter>
    </ClCompile>
    <ClCompile Include="..\src\script\tokens\L2OperatorToken.cpp">
      <Filter>src\script\tokens</Filter>
    </ClCompile>
    <ClCompile Include="..\src\script\tokens\L2PropertyGetterToken.cpp">
      <Filter>src\script\tokens</Filter>
    </ClCompile>
    <ClCompile Include="..\src\script\tokens\L2PropertySetterToken.cpp">
      <Filter>src\script\tokens</Filter>
    </ClCompile>
    <ClCompile Include="..\src\script\tokens\L2StaticIdentifierToken.cpp">
      <Filter>src\script\tokens</Filter>
    </ClCompile>
    <ClCompile Include="..\src\script\tokens\L2ArgumentListToken.cpp">
      <Filter>src\script\tokens</Filter>
    </ClCompile>
  </ItemGroup>
  <ItemGroup>
    <ClInclude Include="..\include\script\Script.h">
      <Filter>include\script</Filter>
    </ClInclude>
    <ClInclude Include="..\include\script\ScriptEngine.h">
      <Filter>include\script</Filter>
    </ClInclude>
    <ClInclude Include="..\include\script\objects\ScriptObject.h">
      <Filter>include\script\objects</Filter>
    </ClInclude>
    <ClInclude Include="..\include\script\objects\StringObject.h">
      <Filter>include\script\objects</Filter>
    </ClInclude>
    <ClInclude Include="..\include\script\objects\IntObject.h">
      <Filter>include\script\objects</Filter>
    </ClInclude>
    <ClInclude Include="..\include\script\objects\NullObject.h">
      <Filter>include\script\objects</Filter>
    </ClInclude>
    <ClInclude Include="..\include\script\Util.h">
      <Filter>include\script</Filter>
    </ClInclude>
    <ClInclude Include="..\include\script\objects\BoolObject.h">
      <Filter>include\script\objects</Filter>
    </ClInclude>
    <ClInclude Include="..\include\script\objects\FloatObject.h">
      <Filter>include\script\objects</Filter>
    </ClInclude>
    <ClInclude Include="..\include\script\objects\GetValueObject.h">
      <Filter>include\script\objects</Filter>
    </ClInclude>
    <ClInclude Include="..\include\script\objects\ValueObject.h">
      <Filter>include\script\objects</Filter>
    </ClInclude>
    <ClInclude Include="..\include\script\Exception.h">
      <Filter>include\script</Filter>
    </ClInclude>
    <ClInclude Include="..\include\script\objects\ValueComparableObject.h">
      <Filter>include\script\objects</Filter>
    </ClInclude>
    <ClInclude Include="..\include\script\objects\NumericalObject.h">
      <Filter>include\script\objects</Filter>
    </ClInclude>
    <ClInclude Include="..\include\script\objects\ArrayObject.h">
      <Filter>include\script\objects</Filter>
    </ClInclude>
    <ClInclude Include="..\include\script\Tokenizer.h">
      <Filter>include\script</Filter>
    </ClInclude>
    <ClInclude Include="..\include\script\tokens\L1Token.h">
      <Filter>include\script\tokens</Filter>
    </ClInclude>
    <ClInclude Include="..\include\script\tokens\L1Rule.h">
      <Filter>include\script\tokens</Filter>
    </ClInclude>
    <ClInclude Include="..\include\script\tokens\L2Token.h">
      <Filter>include\script\tokens</Filter>
    </ClInclude>
    <ClInclude Include="..\include\script\BoolMutex.h">
      <Filter>include\script</Filter>
    </ClInclude>
    <ClInclude Include="..\include\script\statics\ConsoleStaticObject.h">
      <Filter>include\script\statics</Filter>
    </ClInclude>
    <ClInclude Include="..\include\script\statics\SystemStaticObject.h">
      <Filter>include\script\statics</Filter>
    </ClInclude>
    <ClInclude Include="..\include\script\tokens\L1FloatRule2.h">
      <Filter>include\script\tokens</Filter>
    </ClInclude>
    <ClInclude Include="..\include\script\tokens\L1FloatRule1.h">
      <Filter>include\script\tokens</Filter>
    </ClInclude>
    <ClInclude Include="..\include\script\tokens\L1NumberRule.h">
      <Filter>include\script\tokens</Filter>
    </ClInclude>
    <ClInclude Include="..\include\script\tokens\L1FunctionRule.h">
      <Filter>include\script\tokens</Filter>
    </ClInclude>
    <ClInclude Include="..\include\script\tokens\L1OperatorAssignRule.h">
      <Filter>include\script\tokens</Filter>
    </ClInclude>
    <ClInclude Include="..\include\script\tokens\L1IdentifierAssignRule.h">
      <Filter>include\script\tokens</Filter>
    </ClInclude>
    <ClInclude Include="..\include\script\tokens\L2PrimitiveValueToken.h">
      <Filter>include\script\tokens</Filter>
    </ClInclude>
    <ClInclude Include="..\include\script\tokens\L2IdentifierToken.h">
      <Filter>include\script\tokens</Filter>
    </ClInclude>
    <ClInclude Include="..\include\script\tokens\L2StaticIdentifierToken.h">
      <Filter>include\script\tokens</Filter>
    </ClInclude>
    <ClInclude Include="..\include\script\tokens\L2IdentifierAssignToken.h">
      <Filter>include\script\tokens</Filter>
    </ClInclude>
    <ClInclude Include="..\include\script\tokens\L2ArgumentListToken.h">
      <Filter>include\script\tokens</Filter>
    </ClInclude>
    <ClInclude Include="..\include\script\tokens\L2FunctionToken.h">
      <Filter>include\script\tokens</Filter>
    </ClInclude>
    <ClInclude Include="..\include\script\tokens\L2PropertyGetterToken.h">
      <Filter>include\script\tokens</Filter>
    </ClInclude>
    <ClInclude Include="..\include\script\tokens\L2PropertySetterToken.h">
      <Filter>include\script\tokens</Filter>
    </ClInclude>
    <ClInclude Include="..\include\script\tokens\L2OperatorToken.h">
      <Filter>include\script\tokens</Filter>
    </ClInclude>
  </ItemGroup>
</Project>